{
  "version": 4,
  "terraform_version": "1.11.4",
  "serial": 17,
  "lineage": "5e4ef5fd-a08a-02c7-7cde-574966febc21",
  "outputs": {},
  "resources": [
    {
      "mode": "managed",
      "type": "google_compute_backend_bucket",
      "name": "website_backend",
      "provider": "provider[\"registry.terraform.io/hashicorp/google\"]",
      "instances": [
        {
          "schema_version": 0,
          "attributes": {
            "bucket_name": "my-personal-website-by-ikechukwu",
            "cdn_policy": [
              {
                "bypass_cache_on_request_headers": [],
                "cache_key_policy": [],
                "cache_mode": "CACHE_ALL_STATIC",
                "client_ttl": 3600,
                "default_ttl": 3600,
                "max_ttl": 86400,
                "negative_caching": true,
                "negative_caching_policy": [],
                "request_coalescing": true,
                "serve_while_stale": 86400,
                "signed_url_cache_max_age_sec": 0
              }
            ],
            "compression_mode": "",
            "creation_timestamp": "2025-05-20T19:15:54.616-07:00",
            "custom_response_headers": [],
            "description": "contains files needed for my personal website",
            "edge_security_policy": "",
            "enable_cdn": true,
            "id": "projects/ikechukwu-madu-portfolio/global/backendBuckets/website-bucket",
            "name": "website-bucket",
            "project": "ikechukwu-madu-portfolio",
            "self_link": "https://www.googleapis.com/compute/v1/projects/ikechukwu-madu-portfolio/global/backendBuckets/website-bucket",
            "timeouts": null
          },
          "sensitive_attributes": [],
          "private": "eyJlMmJmYjczMC1lY2FhLTExZTYtOGY4OC0zNDM2M2JjN2M0YzAiOnsiY3JlYXRlIjoxMjAwMDAwMDAwMDAwLCJkZWxldGUiOjEyMDAwMDAwMDAwMDAsInVwZGF0ZSI6MTIwMDAwMDAwMDAwMH19",
          "dependencies": [
            "google_storage_bucket.website"
          ]
        }
      ]
    },
    {
      "mode": "managed",
      "type": "google_compute_global_address",
      "name": "website_ip",
      "provider": "provider[\"registry.terraform.io/hashicorp/google\"]",
      "instances": [
        {
          "schema_version": 0,
          "attributes": {
            "address": "34.96.126.71",
            "address_type": "EXTERNAL",
            "creation_timestamp": "2025-05-20T19:15:53.011-07:00",
            "description": "",
            "effective_labels": {
              "goog-terraform-provisioned": "true"
            },
            "id": "projects/ikechukwu-madu-portfolio/global/addresses/my-personal-website-lb-ip",
            "ip_version": "",
            "label_fingerprint": "vezUS-42LLM=",
            "labels": {},
            "name": "my-personal-website-lb-ip",
            "network": "",
            "prefix_length": 0,
            "project": "ikechukwu-madu-portfolio",
            "purpose": "",
            "self_link": "https://www.googleapis.com/compute/v1/projects/ikechukwu-madu-portfolio/global/addresses/my-personal-website-lb-ip",
            "terraform_labels": {
              "goog-terraform-provisioned": "true"
            },
            "timeouts": null
          },
          "sensitive_attributes": [],
          "private": "eyJlMmJmYjczMC1lY2FhLTExZTYtOGY4OC0zNDM2M2JjN2M0YzAiOnsiY3JlYXRlIjoxMjAwMDAwMDAwMDAwLCJkZWxldGUiOjEyMDAwMDAwMDAwMDAsInVwZGF0ZSI6MTIwMDAwMDAwMDAwMH19"
        }
      ]
    },
    {
      "mode": "managed",
      "type": "google_compute_global_forwarding_rule",
      "name": "default",
      "provider": "provider[\"registry.terraform.io/hashicorp/google\"]",
      "instances": [
        {
          "schema_version": 0,
          "attributes": {
            "base_forwarding_rule": "",
            "description": "",
            "effective_labels": {},
            "external_managed_backend_bucket_migration_state": "",
            "external_managed_backend_bucket_migration_testing_percentage": 0,
            "forwarding_rule_id": 6452445224290519442,
            "id": "projects/ikechukwu-madu-portfolio/global/forwardingRules/website-forwarding-rule",
            "ip_address": "34.96.126.71",
            "ip_protocol": "TCP",
            "ip_version": "",
            "label_fingerprint": "42WmSpB8rSM=",
            "labels": {},
            "load_balancing_scheme": "EXTERNAL",
            "metadata_filters": [],
            "name": "website-forwarding-rule",
            "network": "",
            "network_tier": "PREMIUM",
            "no_automate_dns_zone": null,
            "port_range": "80-80",
            "project": "ikechukwu-madu-portfolio",
            "psc_connection_id": "",
            "psc_connection_status": "",
            "self_link": "https://www.googleapis.com/compute/v1/projects/ikechukwu-madu-portfolio/global/forwardingRules/website-forwarding-rule",
            "service_directory_registrations": [],
            "source_ip_ranges": [],
            "subnetwork": "",
            "target": "https://www.googleapis.com/compute/v1/projects/ikechukwu-madu-portfolio/global/targetHttpProxies/website-target-proxy",
            "terraform_labels": {},
            "timeouts": null
          },
          "sensitive_attributes": [],
          "private": "eyJlMmJmYjczMC1lY2FhLTExZTYtOGY4OC0zNDM2M2JjN2M0YzAiOnsiY3JlYXRlIjoxMjAwMDAwMDAwMDAwLCJkZWxldGUiOjEyMDAwMDAwMDAwMDAsInVwZGF0ZSI6MTIwMDAwMDAwMDAwMH19",
          "dependencies": [
            "google_compute_backend_bucket.website_backend",
            "google_compute_global_address.website_ip",
            "google_compute_target_http_proxy.website",
            "google_compute_url_map.website",
            "google_storage_bucket.website"
          ]
        }
      ]
    },
    {
      "mode": "managed",
      "type": "google_compute_target_http_proxy",
      "name": "website",
      "provider": "provider[\"registry.terraform.io/hashicorp/google\"]",
      "instances": [
        {
          "schema_version": 0,
          "attributes": {
            "creation_timestamp": "2025-05-20T19:16:17.839-07:00",
            "description": "",
            "http_keep_alive_timeout_sec": 0,
            "id": "projects/ikechukwu-madu-portfolio/global/targetHttpProxies/website-target-proxy",
            "name": "website-target-proxy",
            "project": "ikechukwu-madu-portfolio",
            "proxy_bind": false,
            "proxy_id": 8478534181469587870,
            "self_link": "https://www.googleapis.com/compute/v1/projects/ikechukwu-madu-portfolio/global/targetHttpProxies/website-target-proxy",
            "timeouts": null,
            "url_map": "https://www.googleapis.com/compute/v1/projects/ikechukwu-madu-portfolio/global/urlMaps/website-url-map"
          },
          "sensitive_attributes": [],
          "private": "eyJlMmJmYjczMC1lY2FhLTExZTYtOGY4OC0zNDM2M2JjN2M0YzAiOnsiY3JlYXRlIjoxMjAwMDAwMDAwMDAwLCJkZWxldGUiOjEyMDAwMDAwMDAwMDAsInVwZGF0ZSI6MTIwMDAwMDAwMDAwMH19",
          "dependencies": [
            "google_compute_backend_bucket.website_backend",
            "google_compute_url_map.website",
            "google_storage_bucket.website"
          ]
        }
      ]
    },
    {
      "mode": "managed",
      "type": "google_compute_url_map",
      "name": "website",
      "provider": "provider[\"registry.terraform.io/hashicorp/google\"]",
      "instances": [
        {
          "schema_version": 0,
          "attributes": {
            "creation_timestamp": "2025-05-20T19:16:06.350-07:00",
            "default_route_action": [],
            "default_service": "https://www.googleapis.com/compute/v1/projects/ikechukwu-madu-portfolio/global/backendBuckets/website-bucket",
            "default_url_redirect": [],
            "description": "",
            "fingerprint": "63nwdk6KAa0=",
            "header_action": [],
            "host_rule": [
              {
                "description": "",
                "hosts": [
                  "*"
                ],
                "path_matcher": "allpaths"
              }
            ],
            "id": "projects/ikechukwu-madu-portfolio/global/urlMaps/website-url-map",
            "map_id": 3065363336683096457,
            "name": "website-url-map",
            "path_matcher": [
              {
                "default_route_action": [],
                "default_service": "https://www.googleapis.com/compute/v1/projects/ikechukwu-madu-portfolio/global/backendBuckets/website-bucket",
                "default_url_redirect": [],
                "description": "",
                "header_action": [],
                "name": "allpaths",
                "path_rule": [],
                "route_rules": []
              }
            ],
            "project": "ikechukwu-madu-portfolio",
            "self_link": "https://www.googleapis.com/compute/v1/projects/ikechukwu-madu-portfolio/global/urlMaps/website-url-map",
            "test": [],
            "timeouts": null
          },
          "sensitive_attributes": [],
          "private": "eyJlMmJmYjczMC1lY2FhLTExZTYtOGY4OC0zNDM2M2JjN2M0YzAiOnsiY3JlYXRlIjoxMjAwMDAwMDAwMDAwLCJkZWxldGUiOjEyMDAwMDAwMDAwMDAsInVwZGF0ZSI6MTIwMDAwMDAwMDAwMH19",
          "dependencies": [
            "google_compute_backend_bucket.website_backend",
            "google_storage_bucket.website"
          ]
        }
      ]
    },
    {
      "mode": "managed",
      "type": "google_dns_managed_zone",
      "name": "dns_zone",
      "provider": "provider[\"registry.terraform.io/hashicorp/google\"]",
      "instances": [
        {
          "schema_version": 0,
          "attributes": {
            "cloud_logging_config": [
              {
                "enable_logging": false
              }
            ],
            "creation_time": "2025-05-21T02:22:14.600Z",
            "description": "DNS zone for my personal website",
            "dns_name": "isamuelm.cloud.",
            "dnssec_config": [],
            "effective_labels": {
              "goog-terraform-provisioned": "true"
            },
            "force_destroy": false,
            "forwarding_config": [],
            "id": "projects/ikechukwu-madu-portfolio/managedZones/terraform-gcp-portfolio",
            "labels": null,
            "managed_zone_id": 7789194704572662904,
            "name": "terraform-gcp-portfolio",
            "name_servers": [
              "ns-cloud-e1.googledomains.com.",
              "ns-cloud-e2.googledomains.com.",
              "ns-cloud-e3.googledomains.com.",
              "ns-cloud-e4.googledomains.com."
            ],
            "peering_config": [],
            "private_visibility_config": [],
            "project": "ikechukwu-madu-portfolio",
            "terraform_labels": {
              "goog-terraform-provisioned": "true"
            },
            "timeouts": null,
            "visibility": "public"
          },
          "sensitive_attributes": [],
          "private": "eyJlMmJmYjczMC1lY2FhLTExZTYtOGY4OC0zNDM2M2JjN2M0YzAiOnsiY3JlYXRlIjoxMjAwMDAwMDAwMDAwLCJkZWxldGUiOjEyMDAwMDAwMDAwMDAsInVwZGF0ZSI6MTIwMDAwMDAwMDAwMH19"
        }
      ]
    },
    {
      "mode": "managed",
      "type": "google_dns_record_set",
      "name": "website",
      "provider": "provider[\"registry.terraform.io/hashicorp/google\"]",
      "instances": [
        {
          "schema_version": 0,
          "attributes": {
            "id": "projects/ikechukwu-madu-portfolio/managedZones/terraform-gcp-portfolio/rrsets/website.isamuelm.cloud./A",
            "managed_zone": "terraform-gcp-portfolio",
            "name": "website.isamuelm.cloud.",
            "project": "ikechukwu-madu-portfolio",
            "routing_policy": [],
            "rrdatas": [
              "34.96.126.71"
            ],
            "ttl": 300,
            "type": "A"
          },
          "sensitive_attributes": [],
          "private": "bnVsbA==",
          "dependencies": [
            "google_compute_global_address.website_ip",
            "google_dns_managed_zone.dns_zone"
          ]
        }
      ]
    },
    {
      "mode": "managed",
      "type": "google_storage_bucket",
      "name": "website",
      "provider": "provider[\"registry.terraform.io/hashicorp/google\"]",
      "instances": [
        {
          "schema_version": 3,
          "attributes": {
            "autoclass": [],
            "cors": [],
            "custom_placement_config": [],
            "default_event_based_hold": false,
            "effective_labels": {
              "goog-terraform-provisioned": "true"
            },
            "enable_object_retention": false,
            "encryption": [],
            "force_destroy": false,
            "hierarchical_namespace": [
              {
                "enabled": false
              }
            ],
            "id": "my-personal-website-by-ikechukwu",
            "labels": {},
            "lifecycle_rule": [],
            "location": "US",
            "logging": [],
            "name": "my-personal-website-by-ikechukwu",
            "project": "ikechukwu-madu-portfolio",
            "project_number": 248780924489,
            "public_access_prevention": "inherited",
            "requester_pays": false,
            "retention_policy": [],
            "rpo": "DEFAULT",
            "self_link": "https://www.googleapis.com/storage/v1/b/my-personal-website-by-ikechukwu",
            "soft_delete_policy": [
              {
                "effective_time": "2025-05-21T02:15:53.555Z",
                "retention_duration_seconds": 604800
              }
            ],
            "storage_class": "STANDARD",
            "terraform_labels": {
              "goog-terraform-provisioned": "true"
            },
            "time_created": "2025-05-21T02:15:53.555Z",
            "timeouts": null,
            "uniform_bucket_level_access": false,
            "updated": "2025-05-21T02:15:55.403Z",
            "url": "gs://my-personal-website-by-ikechukwu",
            "versioning": [],
            "website": []
          },
          "sensitive_attributes": [],
          "private": "eyJlMmJmYjczMC1lY2FhLTExZTYtOGY4OC0zNDM2M2JjN2M0YzAiOnsiY3JlYXRlIjo2MDAwMDAwMDAwMDAsInJlYWQiOjI0MDAwMDAwMDAwMCwidXBkYXRlIjoyNDAwMDAwMDAwMDB9LCJzY2hlbWFfdmVyc2lvbiI6IjMifQ=="
        }
      ]
    },
    {
      "mode": "managed",
      "type": "google_storage_bucket_access_control",
      "name": "public_rule",
      "provider": "provider[\"registry.terraform.io/hashicorp/google\"]",
      "instances": [
        {
          "schema_version": 0,
          "attributes": {
            "bucket": "my-personal-website-by-ikechukwu",
            "domain": "",
            "email": "",
            "entity": "allUsers",
            "id": "my-personal-website-by-ikechukwu/allUsers",
            "role": "READER",
            "timeouts": null
          },
          "sensitive_attributes": [],
          "private": "eyJlMmJmYjczMC1lY2FhLTExZTYtOGY4OC0zNDM2M2JjN2M0YzAiOnsiY3JlYXRlIjoxMjAwMDAwMDAwMDAwLCJkZWxldGUiOjEyMDAwMDAwMDAwMDAsInVwZGF0ZSI6MTIwMDAwMDAwMDAwMH19",
          "dependencies": [
            "google_storage_bucket.website"
          ]
        }
      ]
    },
    {
      "mode": "managed",
      "type": "google_storage_bucket_object",
      "name": "css",
      "provider": "provider[\"registry.terraform.io/hashicorp/google\"]",
      "instances": [
        {
          "schema_version": 0,
          "attributes": {
            "bucket": "my-personal-website-by-ikechukwu",
            "cache_control": "",
            "content": null,
            "content_disposition": "",
            "content_encoding": "",
            "content_language": "",
            "content_type": "text/css",
            "crc32c": "JG/AbA==",
            "customer_encryption": [],
            "detect_md5hash": "tFTGhvomGswDj6koVnbKWg==",
            "event_based_hold": false,
            "generation": 1747793754685566,
            "id": "my-personal-website-by-ikechukwu-css/style.css",
            "kms_key_name": "",
            "md5hash": "tFTGhvomGswDj6koVnbKWg==",
            "md5hexhash": "b454c686fa261acc038fa9285676ca5a",
            "media_link": "https://storage.googleapis.com/download/storage/v1/b/my-personal-website-by-ikechukwu/o/css%2Fstyle.css?generation=1747793754685566\u0026alt=media",
            "metadata": {},
            "name": "css/style.css",
            "output_name": "css/style.css",
            "retention": [],
            "self_link": "https://www.googleapis.com/storage/v1/b/my-personal-website-by-ikechukwu/o/css%2Fstyle.css",
            "source": "../css/style.css",
            "storage_class": "STANDARD",
            "temporary_hold": false,
            "timeouts": null
          },
          "sensitive_attributes": [
            [
              {
                "type": "get_attr",
                "value": "content"
              }
            ]
          ],
          "private": "eyJlMmJmYjczMC1lY2FhLTExZTYtOGY4OC0zNDM2M2JjN2M0YzAiOnsiY3JlYXRlIjoyNDAwMDAwMDAwMDAsImRlbGV0ZSI6MjQwMDAwMDAwMDAwLCJ1cGRhdGUiOjI0MDAwMDAwMDAwMH19",
          "dependencies": [
            "google_storage_bucket.website"
          ]
        }
      ]
    },
    {
      "mode": "managed",
      "type": "google_storage_bucket_object",
      "name": "index_html",
      "provider": "provider[\"registry.terraform.io/hashicorp/google\"]",
      "instances": [
        {
          "schema_version": 0,
          "attributes": {
            "bucket": "my-personal-website-by-ikechukwu",
            "cache_control": "",
            "content": null,
            "content_disposition": "",
            "content_encoding": "",
            "content_language": "",
            "content_type": "text/html",
            "crc32c": "zZTYHw==",
            "customer_encryption": [],
            "detect_md5hash": "mz/qH8hnW61TYD0LM+I95g==",
            "event_based_hold": false,
            "generation": 1747793754685470,
            "id": "my-personal-website-by-ikechukwu-index.html",
            "kms_key_name": "",
            "md5hash": "mz/qH8hnW61TYD0LM+I95g==",
            "md5hexhash": "9b3fea1fc8675bad53603d0b33e23de6",
            "media_link": "https://storage.googleapis.com/download/storage/v1/b/my-personal-website-by-ikechukwu/o/index.html?generation=1747793754685470\u0026alt=media",
            "metadata": {},
            "name": "index.html",
            "output_name": "index.html",
            "retention": [],
            "self_link": "https://www.googleapis.com/storage/v1/b/my-personal-website-by-ikechukwu/o/index.html",
            "source": "../index.html",
            "storage_class": "STANDARD",
            "temporary_hold": false,
            "timeouts": null
          },
          "sensitive_attributes": [
            [
              {
                "type": "get_attr",
                "value": "content"
              }
            ]
          ],
          "private": "eyJlMmJmYjczMC1lY2FhLTExZTYtOGY4OC0zNDM2M2JjN2M0YzAiOnsiY3JlYXRlIjoyNDAwMDAwMDAwMDAsImRlbGV0ZSI6MjQwMDAwMDAwMDAwLCJ1cGRhdGUiOjI0MDAwMDAwMDAwMH19",
          "dependencies": [
            "google_storage_bucket.website"
          ]
        }
      ]
    },
    {
      "mode": "managed",
      "type": "google_storage_bucket_object",
      "name": "js",
      "provider": "provider[\"registry.terraform.io/hashicorp/google\"]",
      "instances": [
        {
          "schema_version": 0,
          "attributes": {
            "bucket": "my-personal-website-by-ikechukwu",
            "cache_control": "",
            "content": null,
            "content_disposition": "",
            "content_encoding": "",
            "content_language": "",
            "content_type": "application/javascript",
            "crc32c": "b/65eQ==",
            "customer_encryption": [],
            "detect_md5hash": "yXfhe7uBz5rDPTbfrg6hFQ==",
            "event_based_hold": false,
            "generation": 1747793754685440,
            "id": "my-personal-website-by-ikechukwu-js/main.js",
            "kms_key_name": "",
            "md5hash": "yXfhe7uBz5rDPTbfrg6hFQ==",
            "md5hexhash": "c977e17bbb81cf9ac33d36dfae0ea115",
            "media_link": "https://storage.googleapis.com/download/storage/v1/b/my-personal-website-by-ikechukwu/o/js%2Fmain.js?generation=1747793754685440\u0026alt=media",
            "metadata": {},
            "name": "js/main.js",
            "output_name": "js/main.js",
            "retention": [],
            "self_link": "https://www.googleapis.com/storage/v1/b/my-personal-website-by-ikechukwu/o/js%2Fmain.js",
            "source": "../js/main.js",
            "storage_class": "STANDARD",
            "temporary_hold": false,
            "timeouts": null
          },
          "sensitive_attributes": [
            [
              {
                "type": "get_attr",
                "value": "content"
              }
            ]
          ],
          "private": "eyJlMmJmYjczMC1lY2FhLTExZTYtOGY4OC0zNDM2M2JjN2M0YzAiOnsiY3JlYXRlIjoyNDAwMDAwMDAwMDAsImRlbGV0ZSI6MjQwMDAwMDAwMDAwLCJ1cGRhdGUiOjI0MDAwMDAwMDAwMH19",
          "dependencies": [
            "google_storage_bucket.website"
          ]
        }
      ]
    },
    {
      "mode": "managed",
      "type": "google_storage_bucket_object",
      "name": "profile_image",
      "provider": "provider[\"registry.terraform.io/hashicorp/google\"]",
      "instances": [
        {
          "schema_version": 0,
          "attributes": {
            "bucket": "my-personal-website-by-ikechukwu",
            "cache_control": "",
            "content": null,
            "content_disposition": "",
            "content_encoding": "",
            "content_language": "",
            "content_type": "image/jpeg",
            "crc32c": "yjynjA==",
            "customer_encryption": [],
            "detect_md5hash": "WYhEVfELUc8l9O2M82LMdw==",
            "event_based_hold": false,
            "generation": 1747794134989414,
            "id": "my-personal-website-by-ikechukwu-assets/images/profile-picture.jpg",
            "kms_key_name": "",
            "md5hash": "WYhEVfELUc8l9O2M82LMdw==",
            "md5hexhash": "59884455f10b51cf25f4ed8cf362cc77",
            "media_link": "https://storage.googleapis.com/download/storage/v1/b/my-personal-website-by-ikechukwu/o/assets%2Fimages%2Fprofile-picture.jpg?generation=1747794134989414\u0026alt=media",
            "metadata": null,
            "name": "assets/images/profile-picture.jpg",
            "output_name": "assets/images/profile-picture.jpg",
            "retention": [],
            "self_link": "https://www.googleapis.com/storage/v1/b/my-personal-website-by-ikechukwu/o/assets%2Fimages%2Fprofile-picture.jpg",
            "source": "../assets/images/profile-picture.jpg",
            "storage_class": "STANDARD",
            "temporary_hold": false,
            "timeouts": null
          },
          "sensitive_attributes": [
            [
              {
                "type": "get_attr",
                "value": "content"
              }
            ]
          ],
          "private": "eyJlMmJmYjczMC1lY2FhLTExZTYtOGY4OC0zNDM2M2JjN2M0YzAiOnsiY3JlYXRlIjoyNDAwMDAwMDAwMDAsImRlbGV0ZSI6MjQwMDAwMDAwMDAwLCJ1cGRhdGUiOjI0MDAwMDAwMDAwMH19",
          "dependencies": [
            "google_storage_bucket.website"
          ]
        }
      ]
    }
  ],
  "check_results": null
}
